
Microsoft Visual Studio Solution File, Format Version 12.00
# Visual Studio Version 17
VisualStudioVersion = 17.4.33205.214
MinimumVisualStudioVersion = 10.0.40219.1
Project("{9A19103F-16F7-4668-BE54-9A1E7A4F7556}") = "Session-09", "Session-09\Session-09.csproj", "{7FC5C4DC-6D63-4A6E-849D-80683C02C549}"
EndProject
Project("{9A19103F-16F7-4668-BE54-9A1E7A4F7556}") = "Session_09 _library", "Session_09 _library\Session_09 _library.csproj", "{72F7441B-A945-47C1-B73A-3BE7571963BB}"
EndProject
Global
	GlobalSection(SolutionConfigurationPlatforms) = preSolution
		Debug|Any CPU = Debug|Any CPU
		Release|Any CPU = Release|Any CPU
	EndGlobalSection
	GlobalSection(ProjectConfigurationPlatforms) = postSolution
		{7FC5C4DC-6D63-4A6E-849D-80683C02C549}.Debug|Any CPU.ActiveCfg = Debug|Any CPU
		{7FC5C4DC-6D63-4A6E-849D-80683C02C549}.Debug|Any CPU.Build.0 = Debug|Any CPU
		{7FC5C4DC-6D63-4A6E-849D-80683C02C549}.Release|Any CPU.ActiveCfg = Release|Any CPU
		{7FC5C4DC-6D63-4A6E-849D-80683C02C549}.Release|Any CPU.Build.0 = Release|Any CPU
		{72F7441B-A945-47C1-B73A-3BE7571963BB}.Debug|Any CPU.ActiveCfg = Debug|Any CPU
		{72F7441B-A945-47C1-B73A-3BE7571963BB}.Debug|Any CPU.Build.0 = Debug|Any CPU
		{72F7441B-A945-47C1-B73A-3BE7571963BB}.Release|Any CPU.ActiveCfg = Release|Any CPU
		{72F7441B-A945-47C1-B73A-3BE7571963BB}.Release|Any CPU.Build.0 = Release|Any CPU
	EndGlobalSection
	GlobalSection(SolutionProperties) = preSolution
		HideSolutionNode = FALSE
	EndGlobalSection
	GlobalSection(ExtensibilityGlobals) = postSolution
		SolutionGuid = {66467C89-D638-42A5-BF51-9B5539D62590}
	EndGlobalSection
EndGlobal
