
Microsoft Visual Studio Solution File, Format Version 12.00
# Visual Studio Version 17
VisualStudioVersion = 17.4.33205.214
MinimumVisualStudioVersion = 10.0.40219.1
Project("{FAE04EC0-301F-11D3-BF4B-00C04F79EFBC}") = "Session-10", "Session-10\Session-10.csproj", "{7D5CE6F4-7961-41EE-AB86-33AA350CDE4E}"
EndProject
Global
	GlobalSection(SolutionConfigurationPlatforms) = preSolution
		Debug|Any CPU = Debug|Any CPU
		Release|Any CPU = Release|Any CPU
	EndGlobalSection
	GlobalSection(ProjectConfigurationPlatforms) = postSolution
		{7D5CE6F4-7961-41EE-AB86-33AA350CDE4E}.Debug|Any CPU.ActiveCfg = Debug|Any CPU
		{7D5CE6F4-7961-41EE-AB86-33AA350CDE4E}.Debug|Any CPU.Build.0 = Debug|Any CPU
		{7D5CE6F4-7961-41EE-AB86-33AA350CDE4E}.Release|Any CPU.ActiveCfg = Release|Any CPU
		{7D5CE6F4-7961-41EE-AB86-33AA350CDE4E}.Release|Any CPU.Build.0 = Release|Any CPU
	EndGlobalSection
	GlobalSection(SolutionProperties) = preSolution
		HideSolutionNode = FALSE
	EndGlobalSection
	GlobalSection(ExtensibilityGlobals) = postSolution
		SolutionGuid = {727C04A6-C7FC-4460-8C3E-7CF80B7316E8}
	EndGlobalSection
EndGlobal
