
Microsoft Visual Studio Solution File, Format Version 12.00
# Visual Studio Version 17
VisualStudioVersion = 17.4.33205.214
MinimumVisualStudioVersion = 10.0.40219.1
Project("{FAE04EC0-301F-11D3-BF4B-00C04F79EFBC}") = "Session-04", "Session-04\Session-04.csproj", "{C2995F32-A30B-4A41-9F19-F7805034E927}"
EndProject
Global
	GlobalSection(SolutionConfigurationPlatforms) = preSolution
		Debug|Any CPU = Debug|Any CPU
		Release|Any CPU = Release|Any CPU
	EndGlobalSection
	GlobalSection(ProjectConfigurationPlatforms) = postSolution
		{C2995F32-A30B-4A41-9F19-F7805034E927}.Debug|Any CPU.ActiveCfg = Debug|Any CPU
		{C2995F32-A30B-4A41-9F19-F7805034E927}.Debug|Any CPU.Build.0 = Debug|Any CPU
		{C2995F32-A30B-4A41-9F19-F7805034E927}.Release|Any CPU.ActiveCfg = Release|Any CPU
		{C2995F32-A30B-4A41-9F19-F7805034E927}.Release|Any CPU.Build.0 = Release|Any CPU
	EndGlobalSection
	GlobalSection(SolutionProperties) = preSolution
		HideSolutionNode = FALSE
	EndGlobalSection
	GlobalSection(ExtensibilityGlobals) = postSolution
		SolutionGuid = {A0C52AD4-633F-4A74-A076-1D67A4C732A1}
	EndGlobalSection
EndGlobal
